{
    "_meta": {
        "hash": {
            "sha256": "8dc4d6740c539b0dbdfb51a4e78cdab4683605192f7e388635a54b75b24d2a15"
        },
        "pipfile-spec": 6,
        "requires": {
            "python_version": "3.13"
        },
        "sources": [
            {
                "name": "pypi",
                "url": "https://pypi.org/simple",
                "verify_ssl": true
            }
        ]
    },
    "default": {
        "iniconfig": {
            "hashes": [
                "sha256:3abbd2e30b36733fee78f9c7f7308f2d0050e88f0087fd25c2645f63c773e1c7",
                "sha256:9deba5723312380e77435581c6bf4935c94cbfab9b1ed33ef8d238ea168eb760"
            ],
            "markers": "python_version >= '3.8'",
            "version": "==2.1.0"
        },
        "packaging": {
            "hashes": [
                "sha256:29572ef2b1f17581046b3a2227d5c611fb25ec70ca1ba8554b24b0e69331a484",
                "sha256:d443872c98d677bf60f6a1f2f8c1cb748e8fe762d2bf9d3148b5599295b0fc4f"
            ],
            "markers": "python_version >= '3.8'",
            "version": "==25.0"
        },
        "pluggy": {
            "hashes": [
                "sha256:7dcc130b76258d33b90f61b658791dede3486c3e6bfb003ee5c9bfb396dd22f3",
                "sha256:e920276dd6813095e9377c0bc5566d94c932c33b27a3e3945d8389c374dd4746"
            ],
            "markers": "python_version >= '3.9'",
            "version": "==1.6.0"
        },
        "pygments": {
            "hashes": [
                "sha256:636cb2477cec7f8952536970bc533bc43743542f70392ae026374600add5b887",
                "sha256:86540386c03d588bb81d44bc3928634ff26449851e99741617ecb9037ee5ec0b"
            ],
            "markers": "python_version >= '3.8'",
            "version": "==2.19.2"
        },
        "pysmt": {
            "hashes": [
                "sha256:41e9afed77d4d21930ee3abfd77b4c28189e579225d8def96e9fab6059a7ffce",
                "sha256:e101927b65d66f7929ce9bfc4ad2d1e6914449575807fa37e9c810934c8a5d09"
            ],
            "index": "pypi",
            "version": "==0.9.6"
        },
        "pytest": {
            "hashes": [
                "sha256:86c0d0b93306b961d58d62a4db4879f27fe25513d4b969df351abdddb3c30e01",
                "sha256:872f880de3fc3a5bdc88a11b39c9710c3497a547cfa9320bc3c5e62fbf272e79"
            ],
            "index": "pypi",
            "markers": "python_version >= '3.9'",
            "version": "==8.4.2"
        },
        "setuptools": {
            "hashes": [
                "sha256:062d34222ad13e0cc312a4c02d73f059e86a4acbfbdea8f8f76b28c99f306922",
                "sha256:f36b47402ecde768dbfafc46e8e4207b4360c654f1f3bb84475f0a28628fb19c"
            ],
            "index": "pypi",
            "markers": "python_version >= '3.9'",
            "version": "==80.9.0"
        },
        "z3-solver": {
            "hashes": [
                "sha256:06abdf6c36f97c463aea827533504fd59476d015a65cf170a88bd6a53ba13ab5",
                "sha256:0c603f6bad7423d6411adda6af55030b725e3d30f54ea91b714abcedd73b848a",
                "sha256:3e62e93adff2def3537ff1ca67c3d58a6ca6d1944e0b5e774f88627b199d50e7",
                "sha256:65335aab295ded7c0ce27c85556067087a87052389ff160777d1a1d48ef0d74f",
                "sha256:78f69aebda5519bfd8af146a129f36cf4721a3c2667e80d9fe35cc9bb4d214a6",
                "sha256:a9afd9ceb290482097474d43f08415bcc1874f433189d1449f6c1508e9c68384",
                "sha256:f61ef44552489077eedd7e6d9bed52ef1875decf86d66027742099a2703b1c77"
            ],
            "index": "pypi",
            "version": "==4.15.3.0"
        }
    },
    "develop": {}
}
